
Microsoft Visual Studio Solution File, Format Version 12.00
# Visual Studio Version 17
VisualStudioVersion = 17.0.32112.339
MinimumVisualStudioVersion = 10.0.40219.1
Project("{FAE04EC0-301F-11D3-BF4B-00C04F79EFBC}") = "Lesson_3_Group_CO", "Lesson_3_Group_CO\Lesson_3_Group_CO.csproj", "{72A3F515-5763-4839-B601-CE7F1B281C58}"
EndProject
Global
	GlobalSection(SolutionConfigurationPlatforms) = preSolution
		Debug|Any CPU = Debug|Any CPU
		Release|Any CPU = Release|Any CPU
	EndGlobalSection
	GlobalSection(ProjectConfigurationPlatforms) = postSolution
		{72A3F515-5763-4839-B601-CE7F1B281C58}.Debug|Any CPU.ActiveCfg = Debug|Any CPU
		{72A3F515-5763-4839-B601-CE7F1B281C58}.Debug|Any CPU.Build.0 = Debug|Any CPU
		{72A3F515-5763-4839-B601-CE7F1B281C58}.Release|Any CPU.ActiveCfg = Release|Any CPU
		{72A3F515-5763-4839-B601-CE7F1B281C58}.Release|Any CPU.Build.0 = Release|Any CPU
	EndGlobalSection
	GlobalSection(SolutionProperties) = preSolution
		HideSolutionNode = FALSE
	EndGlobalSection
	GlobalSection(ExtensibilityGlobals) = postSolution
		SolutionGuid = {2D8F2364-564E-4581-AE43-8BEE16B9ABCF}
	EndGlobalSection
EndGlobal
